// !$*UTF8*$!
{
	archiveVersion = 1;
	classes = {
	};
	objectVersion = 46;
	objects = {

/* Begin PBXBuildFile section */
		4972CD2C1B79D60000440AC1 /* main.m in Sources */ = {isa = PBXBuildFile; fileRef = 4972CD2B1B79D60000440AC1 /* main.m */; };
		4972CD2F1B79D60000440AC1 /* AppDelegate.m in Sources */ = {isa = PBXBuildFile; fileRef = 4972CD2E1B79D60000440AC1 /* AppDelegate.m */; };
		4972CD321B79D60000440AC1 /* ViewController.m in Sources */ = {isa = PBXBuildFile; fileRef = 4972CD311B79D60000440AC1 /* ViewController.m */; };
		4972CD351B79D60000440AC1 /* Main.storyboard in Resources */ = {isa = PBXBuildFile; fileRef = 4972CD331B79D60000440AC1 /* Main.storyboard */; };
		4972CD371B79D60000440AC1 /* Images.xcassets in Resources */ = {isa = PBXBuildFile; fileRef = 4972CD361B79D60000440AC1 /* Images.xcassets */; };
		4972CD3A1B79D60000440AC1 /* LaunchScreen.xib in Resources */ = {isa = PBXBuildFile; fileRef = 4972CD381B79D60000440AC1 /* LaunchScreen.xib */; };
		4972CD461B79D60000440AC1 /* calculatorTests.m in Sources */ = {isa = PBXBuildFile; fileRef = 4972CD451B79D60000440AC1 /* calculatorTests.m */; };
		4972CD571B79F47400440AC1 /* Calculator.m in Sources */ = {isa = PBXBuildFile; fileRef = 4972CD561B79F47400440AC1 /* Calculator.m */; };
		49DE592B1B7C407400D4941F /* Callback.m in Sources */ = {isa = PBXBuildFile; fileRef = 49DE592A1B7C407400D4941F /* Callback.m */; };
		49ECB3841B7B1B9E00FBB836 /* Calculator+Sqrt.m in Sources */ = {isa = PBXBuildFile; fileRef = 49ECB3831B7B1B9E00FBB836 /* Calculator+Sqrt.m */; };
/* End PBXBuildFile section */

/* Begin PBXContainerItemProxy section */
		4972CD401B79D60000440AC1 /* PBXContainerItemProxy */ = {
			isa = PBXContainerItemProxy;
			containerPortal = 4972CD1E1B79D60000440AC1 /* Project object */;
			proxyType = 1;
			remoteGlobalIDString = 4972CD251B79D60000440AC1;
			remoteInfo = calculator;
		};
/* End PBXContainerItemProxy section */

/* Begin PBXFileReference section */
		4972CD261B79D60000440AC1 /* calculator.app */ = {isa = PBXFileReference; explicitFileType = wrapper.application; includeInIndex = 0; path = calculator.app; sourceTree = BUILT_PRODUCTS_DIR; };
		4972CD2A1B79D60000440AC1 /* Info.plist */ = {isa = PBXFileReference; lastKnownFileType = text.plist.xml; path = Info.plist; sourceTree = "<group>"; };
		4972CD2B1B79D60000440AC1 /* main.m */ = {isa = PBXFileReference; lastKnownFileType = sourcecode.c.objc; path = main.m; sourceTree = "<group>"; };
		4972CD2D1B79D60000440AC1 /* AppDelegate.h */ = {isa = PBXFileReference; lastKnownFileType = sourcecode.c.h; path = AppDelegate.h; sourceTree = "<group>"; };
		4972CD2E1B79D60000440AC1 /* AppDelegate.m */ = {isa = PBXFileReference; lastKnownFileType = sourcecode.c.objc; path = AppDelegate.m; sourceTree = "<group>"; };
		4972CD301B79D60000440AC1 /* ViewController.h */ = {isa = PBXFileReference; lastKnownFileType = sourcecode.c.h; path = ViewController.h; sourceTree = "<group>"; };
		4972CD311B79D60000440AC1 /* ViewController.m */ = {isa = PBXFileReference; lastKnownFileType = sourcecode.c.objc; path = ViewController.m; sourceTree = "<group>"; };
		4972CD341B79D60000440AC1 /* Base */ = {isa = PBXFileReference; lastKnownFileType = file.storyboard; name = Base; path = Base.lproj/Main.storyboard; sourceTree = "<group>"; };
		4972CD361B79D60000440AC1 /* Images.xcassets */ = {isa = PBXFileReference; lastKnownFileType = folder.assetcatalog; path = Images.xcassets; sourceTree = "<group>"; };
		4972CD391B79D60000440AC1 /* Base */ = {isa = PBXFileReference; lastKnownFileType = file.xib; name = Base; path = Base.lproj/LaunchScreen.xib; sourceTree = "<group>"; };
		4972CD3F1B79D60000440AC1 /* calculatorTests.xctest */ = {isa = PBXFileReference; explicitFileType = wrapper.cfbundle; includeInIndex = 0; path = calculatorTests.xctest; sourceTree = BUILT_PRODUCTS_DIR; };
		4972CD441B79D60000440AC1 /* Info.plist */ = {isa = PBXFileReference; lastKnownFileType = text.plist.xml; path = Info.plist; sourceTree = "<group>"; };
		4972CD451B79D60000440AC1 /* calculatorTests.m */ = {isa = PBXFileReference; lastKnownFileType = sourcecode.c.objc; path = calculatorTests.m; sourceTree = "<group>"; };
		4972CD551B79F47400440AC1 /* Calculator.h */ = {isa = PBXFileReference; fileEncoding = 4; lastKnownFileType = sourcecode.c.h; path = Calculator.h; sourceTree = "<group>"; };
		4972CD561B79F47400440AC1 /* Calculator.m */ = {isa = PBXFileReference; fileEncoding = 4; lastKnownFileType = sourcecode.c.objc; path = Calculator.m; sourceTree = "<group>"; };
		49DE59291B7C2B9A00D4941F /* Callback.h */ = {isa = PBXFileReference; fileEncoding = 4; lastKnownFileType = sourcecode.c.h; name = Callback.h; path = ../Callback.h; sourceTree = "<group>"; };
		49DE592A1B7C407400D4941F /* Callback.m */ = {isa = PBXFileReference; fileEncoding = 4; lastKnownFileType = sourcecode.c.objc; path = Callback.m; sourceTree = "<group>"; };
		49ECB3821B7B1B9E00FBB836 /* Calculator+Sqrt.h */ = {isa = PBXFileReference; fileEncoding = 4; lastKnownFileType = sourcecode.c.h; path = "Calculator+Sqrt.h"; sourceTree = "<group>"; };
		49ECB3831B7B1B9E00FBB836 /* Calculator+Sqrt.m */ = {isa = PBXFileReference; fileEncoding = 4; lastKnownFileType = sourcecode.c.objc; path = "Calculator+Sqrt.m"; sourceTree = "<group>"; };
/* End PBXFileReference section */

/* Begin PBXFrameworksBuildPhase section */
		4972CD231B79D60000440AC1 /* Frameworks */ = {
			isa = PBXFrameworksBuildPhase;
			buildActionMask = 2147483647;
			files = (
			);
			runOnlyForDeploymentPostprocessing = 0;
		};
		4972CD3C1B79D60000440AC1 /* Frameworks */ = {
			isa = PBXFrameworksBuildPhase;
			buildActionMask = 2147483647;
			files = (
			);
			runOnlyForDeploymentPostprocessing = 0;
		};
/* End PBXFrameworksBuildPhase section */

/* Begin PBXGroup section */
		4972CD1D1B79D60000440AC1 = {
			isa = PBXGroup;
			children = (
				4972CD281B79D60000440AC1 /* calculator */,
				4972CD421B79D60000440AC1 /* calculatorTests */,
				4972CD271B79D60000440AC1 /* Products */,
			);
			sourceTree = "<group>";
		};
		4972CD271B79D60000440AC1 /* Products */ = {
			isa = PBXGroup;
			children = (
				4972CD261B79D60000440AC1 /* calculator.app */,
				4972CD3F1B79D60000440AC1 /* calculatorTests.xctest */,
			);
			name = Products;
			sourceTree = "<group>";
		};
		4972CD281B79D60000440AC1 /* calculator */ = {
			isa = PBXGroup;
			children = (
				49DE592A1B7C407400D4941F /* Callback.m */,
				49DE59291B7C2B9A00D4941F /* Callback.h */,
				4972CD551B79F47400440AC1 /* Calculator.h */,
				49ECB3821B7B1B9E00FBB836 /* Calculator+Sqrt.h */,
				49ECB3831B7B1B9E00FBB836 /* Calculator+Sqrt.m */,
				4972CD561B79F47400440AC1 /* Calculator.m */,
				4972CD2D1B79D60000440AC1 /* AppDelegate.h */,
				4972CD2E1B79D60000440AC1 /* AppDelegate.m */,
				4972CD301B79D60000440AC1 /* ViewController.h */,
				4972CD311B79D60000440AC1 /* ViewController.m */,
				4972CD331B79D60000440AC1 /* Main.storyboard */,
				4972CD361B79D60000440AC1 /* Images.xcassets */,
				4972CD381B79D60000440AC1 /* LaunchScreen.xib */,
				4972CD291B79D60000440AC1 /* Supporting Files */,
			);
			path = calculator;
			sourceTree = "<group>";
		};
		4972CD291B79D60000440AC1 /* Supporting Files */ = {
			isa = PBXGroup;
			children = (
				4972CD2A1B79D60000440AC1 /* Info.plist */,
				4972CD2B1B79D60000440AC1 /* main.m */,
			);
			name = "Supporting Files";
			sourceTree = "<group>";
		};
		4972CD421B79D60000440AC1 /* calculatorTests */ = {
			isa = PBXGroup;
			children = (
				4972CD451B79D60000440AC1 /* calculatorTests.m */,
				4972CD431B79D60000440AC1 /* Supporting Files */,
			);
			path = calculatorTests;
			sourceTree = "<group>";
		};
		4972CD431B79D60000440AC1 /* Supporting Files */ = {
			isa = PBXGroup;
			children = (
				4972CD441B79D60000440AC1 /* Info.plist */,
			);
			name = "Supporting Files";
			sourceTree = "<group>";
		};
/* End PBXGroup section */

/* Begin PBXNativeTarget section */
		4972CD251B79D60000440AC1 /* calculator */ = {
			isa = PBXNativeTarget;
			buildConfigurationList = 4972CD491B79D60000440AC1 /* Build configuration list for PBXNativeTarget "calculator" */;
			buildPhases = (
				4972CD221B79D60000440AC1 /* Sources */,
				4972CD231B79D60000440AC1 /* Frameworks */,
				4972CD241B79D60000440AC1 /* Resources */,
			);
			buildRules = (
			);
			dependencies = (
			);
			name = calculator;
			productName = calculator;
			productReference = 4972CD261B79D60000440AC1 /* calculator.app */;
			productType = "com.apple.product-type.application";
		};
		4972CD3E1B79D60000440AC1 /* calculatorTests */ = {
			isa = PBXNativeTarget;
			buildConfigurationList = 4972CD4C1B79D60000440AC1 /* Build configuration list for PBXNativeTarget "calculatorTests" */;
			buildPhases = (
				4972CD3B1B79D60000440AC1 /* Sources */,
				4972CD3C1B79D60000440AC1 /* Frameworks */,
				4972CD3D1B79D60000440AC1 /* Resources */,
			);
			buildRules = (
			);
			dependencies = (
				4972CD411B79D60000440AC1 /* PBXTargetDependency */,
			);
			name = calculatorTests;
			productName = calculatorTests;
			productReference = 4972CD3F1B79D60000440AC1 /* calculatorTests.xctest */;
			productType = "com.apple.product-type.bundle.unit-test";
		};
/* End PBXNativeTarget section */

/* Begin PBXProject section */
		4972CD1E1B79D60000440AC1 /* Project object */ = {
			isa = PBXProject;
			attributes = {
				LastUpgradeCheck = 0630;
				ORGANIZATIONNAME = "TWer ";
				TargetAttributes = {
					4972CD251B79D60000440AC1 = {
						CreatedOnToolsVersion = 6.3.1;
					};
					4972CD3E1B79D60000440AC1 = {
						CreatedOnToolsVersion = 6.3.1;
						TestTargetID = 4972CD251B79D60000440AC1;
					};
				};
			};
			buildConfigurationList = 4972CD211B79D60000440AC1 /* Build configuration list for PBXProject "calculator" */;
			compatibilityVersion = "Xcode 3.2";
			developmentRegion = English;
			hasScannedForEncodings = 0;
			knownRegions = (
				en,
				Base,
			);
			mainGroup = 4972CD1D1B79D60000440AC1;
			productRefGroup = 4972CD271B79D60000440AC1 /* Products */;
			projectDirPath = "";
			projectRoot = "";
			targets = (
				4972CD251B79D60000440AC1 /* calculator */,
				4972CD3E1B79D60000440AC1 /* calculatorTests */,
			);
		};
/* End PBXProject section */

/* Begin PBXResourcesBuildPhase section */
		4972CD241B79D60000440AC1 /* Resources */ = {
			isa = PBXResourcesBuildPhase;
			buildActionMask = 2147483647;
			files = (
				4972CD351B79D60000440AC1 /* Main.storyboard in Resources */,
				4972CD3A1B79D60000440AC1 /* LaunchScreen.xib in Resources */,
				4972CD371B79D60000440AC1 /* Images.xcassets in Resources */,
			);
			runOnlyForDeploymentPostprocessing = 0;
		};
		4972CD3D1B79D60000440AC1 /* Resources */ = {
			isa = PBXResourcesBuildPhase;
			buildActionMask = 2147483647;
			files = (
			);
			runOnlyForDeploymentPostprocessing = 0;
		};
/* End PBXResourcesBuildPhase section */

/* Begin PBXSourcesBuildPhase section */
		4972CD221B79D60000440AC1 /* Sources */ = {
			isa = PBXSourcesBuildPhase;
			buildActionMask = 2147483647;
			files = (
				49DE592B1B7C407400D4941F /* Callback.m in Sources */,
				4972CD321B79D60000440AC1 /* ViewController.m in Sources */,
				49ECB3841B7B1B9E00FBB836 /* Calculator+Sqrt.m in Sources */,
				4972CD571B79F47400440AC1 /* Calculator.m in Sources */,
				4972CD2F1B79D60000440AC1 /* AppDelegate.m in Sources */,
				4972CD2C1B79D60000440AC1 /* main.m in Sources */,
			);
			runOnlyForDeploymentPostprocessing = 0;
		};
		4972CD3B1B79D60000440AC1 /* Sources */ = {
			isa = PBXSourcesBuildPhase;
			buildActionMask = 2147483647;
			files = (
				4972CD461B79D60000440AC1 /* calculatorTests.m in Sources */,
			);
			runOnlyForDeploymentPostprocessing = 0;
		};
/* End PBXSourcesBuildPhase section */

/* Begin PBXTargetDependency section */
		4972CD411B79D60000440AC1 /* PBXTargetDependency */ = {
			isa = PBXTargetDependency;
			target = 4972CD251B79D60000440AC1 /* calculator */;
			targetProxy = 4972CD401B79D60000440AC1 /* PBXContainerItemProxy */;
		};
/* End PBXTargetDependency section */

/* Begin PBXVariantGroup section */
		4972CD331B79D60000440AC1 /* Main.storyboard */ = {
			isa = PBXVariantGroup;
			children = (
				4972CD341B79D60000440AC1 /* Base */,
			);
			name = Main.storyboard;
			sourceTree = "<group>";
		};
		4972CD381B79D60000440AC1 /* LaunchScreen.xib */ = {
			isa = PBXVariantGroup;
			children = (
				4972CD391B79D60000440AC1 /* Base */,
			);
			name = LaunchScreen.xib;
			sourceTree = "<group>";
		};
/* End PBXVariantGroup section */

/* Begin XCBuildConfiguration section */
		4972CD471B79D60000440AC1 /* Debug */ = {
			isa = XCBuildConfiguration;
			buildSettings = {
				ALWAYS_SEARCH_USER_PATHS = NO;
				CLANG_CXX_LANGUAGE_STANDARD = "gnu++0x";
				CLANG_CXX_LIBRARY = "libc++";
				CLANG_ENABLE_MODULES = YES;
				CLANG_ENABLE_OBJC_ARC = YES;
				CLANG_WARN_BOOL_CONVERSION = YES;
				CLANG_WARN_CONSTANT_CONVERSION = YES;
				CLANG_WARN_DIRECT_OBJC_ISA_USAGE = YES_ERROR;
				CLANG_WARN_EMPTY_BODY = YES;
				CLANG_WARN_ENUM_CONVERSION = YES;
				CLANG_WARN_INT_CONVERSION = YES;
				CLANG_WARN_OBJC_ROOT_CLASS = YES_ERROR;
				CLANG_WARN_UNREACHABLE_CODE = YES;
				CLANG_WARN__DUPLICATE_METHOD_MATCH = YES;
				"CODE_SIGN_IDENTITY[sdk=iphoneos*]" = "iPhone Developer";
				COPY_PHASE_STRIP = NO;
				DEBUG_INFORMATION_FORMAT = "dwarf-with-dsym";
				ENABLE_STRICT_OBJC_MSGSEND = YES;
				GCC_C_LANGUAGE_STANDARD = gnu99;
				GCC_DYNAMIC_NO_PIC = NO;
				GCC_NO_COMMON_BLOCKS = YES;
				GCC_OPTIMIZATION_LEVEL = 0;
				GCC_PREPROCESSOR_DEFINITIONS = (
					"DEBUG=1",
					"$(inherited)",
				);
				GCC_SYMBOLS_PRIVATE_EXTERN = NO;
				GCC_WARN_64_TO_32_BIT_CONVERSION = YES;
				GCC_WARN_ABOUT_RETURN_TYPE = YES_ERROR;
				GCC_WARN_UNDECLARED_SELECTOR = YES;
				GCC_WARN_UNINITIALIZED_AUTOS = YES_AGGRESSIVE;
				GCC_WARN_UNUSED_FUNCTION = YES;
				GCC_WARN_UNUSED_VARIABLE = YES;
				IPHONEOS_DEPLOYMENT_TARGET = 8.3;
				MTL_ENABLE_DEBUG_INFO = YES;
				ONLY_ACTIVE_ARCH = YES;
				SDKROOT = iphoneos;
				TARGETED_DEVICE_FAMILY = "1,2";
			};
			name = Debug;
		};
		4972CD481B79D60000440AC1 /* Release */ = {
			isa = XCBuildConfiguration;
			buildSettings = {
				ALWAYS_SEARCH_USER_PATHS = NO;
				CLANG_CXX_LANGUAGE_STANDARD = "gnu++0x";
				CLANG_CXX_LIBRARY = "libc++";
				CLANG_ENABLE_MODULES = YES;
				CLANG_ENABLE_OBJC_ARC = YES;
				CLANG_WARN_BOOL_CONVERSION = YES;
				CLANG_WARN_CONSTANT_CONVERSION = YES;
				CLANG_WARN_DIRECT_OBJC_ISA_USAGE = YES_ERROR;
				CLANG_WARN_EMPTY_BODY = YES;
				CLANG_WARN_ENUM_CONVERSION = YES;
				CLANG_WARN_INT_CONVERSION = YES;
				CLANG_WARN_OBJC_ROOT_CLASS = YES_ERROR;
				CLANG_WARN_UNREACHABLE_CODE = YES;
				CLANG_WARN__DUPLICATE_METHOD_MATCH = YES;
				"CODE_SIGN_IDENTITY[sdk=iphoneos*]" = "iPhone Developer";
				COPY_PHASE_STRIP = NO;
				DEBUG_INFORMATION_FORMAT = "dwarf-with-dsym";
				ENABLE_NS_ASSERTIONS = NO;
				ENABLE_STRICT_OBJC_MSGSEND = YES;
				GCC_C_LANGUAGE_STANDARD = gnu99;
				GCC_NO_COMMON_BLOCKS = YES;
				GCC_WARN_64_TO_32_BIT_CONVERSION = YES;
				GCC_WARN_ABOUT_RETURN_TYPE = YES_ERROR;
				GCC_WARN_UNDECLARED_SELECTOR = YES;
				GCC_WARN_UNINITIALIZED_AUTOS = YES_AGGRESSIVE;
				GCC_WARN_UNUSED_FUNCTION = YES;
				GCC_WARN_UNUSED_VARIABLE = YES;
				IPHONEOS_DEPLOYMENT_TARGET = 8.3;
				MTL_ENABLE_DEBUG_INFO = NO;
				SDKROOT = iphoneos;
				TARGETED_DEVICE_FAMILY = "1,2";
				VALIDATE_PRODUCT = YES;
			};
			name = Release;
		};
		4972CD4A1B79D60000440AC1 /* Debug */ = {
			isa = XCBuildConfiguration;
			buildSettings = {
				ASSETCATALOG_COMPILER_APPICON_NAME = AppIcon;
				INFOPLIST_FILE = calculator/Info.plist;
				LD_RUNPATH_SEARCH_PATHS = "$(inherited) @executable_path/Frameworks";
				PRODUCT_NAME = "$(TARGET_NAME)";
			};
			name = Debug;
		};
		4972CD4B1B79D60000440AC1 /* Release */ = {
			isa = XCBuildConfiguration;
			buildSettings = {
				ASSETCATALOG_COMPILER_APPICON_NAME = AppIcon;
				INFOPLIST_FILE = calculator/Info.plist;
				LD_RUNPATH_SEARCH_PATHS = "$(inherited) @executable_path/Frameworks";
				PRODUCT_NAME = "$(TARGET_NAME)";
			};
			name = Release;
		};
		4972CD4D1B79D60000440AC1 /* Debug */ = {
			isa = XCBuildConfiguration;
			buildSettings = {
				BUNDLE_LOADER = "$(TEST_HOST)";
				FRAMEWORK_SEARCH_PATHS = (
					"$(SDKROOT)/Developer/Library/Frameworks",
					"$(inherited)",
				);
				GCC_PREPROCESSOR_DEFINITIONS = (
					"DEBUG=1",
					"$(inherited)",
				);
				INFOPLIST_FILE = calculatorTests/Info.plist;
				LD_RUNPATH_SEARCH_PATHS = "$(inherited) @executable_path/Frameworks @loader_path/Frameworks";
				PRODUCT_NAME = "$(TARGET_NAME)";
				TEST_HOST = "$(BUILT_PRODUCTS_DIR)/calculator.app/calculator";
			};
			name = Debug;
		};
		4972CD4E1B79D60000440AC1 /* Release */ = {
			isa = XCBuildConfiguration;
			buildSettings = {
				BUNDLE_LOADER = "$(TEST_HOST)";
				FRAMEWORK_SEARCH_PATHS = (
					"$(SDKROOT)/Developer/Library/Frameworks",
					"$(inherited)",
				);
				INFOPLIST_FILE = calculatorTests/Info.plist;
				LD_RUNPATH_SEARCH_PATHS = "$(inherited) @executable_path/Frameworks @loader_path/Frameworks";
				PRODUCT_NAME = "$(TARGET_NAME)";
				TEST_HOST = "$(BUILT_PRODUCTS_DIR)/calculator.app/calculator";
			};
			name = Release;
		};
/* End XCBuildConfiguration section */

/* Begin XCConfigurationList section */
		4972CD211B79D60000440AC1 /* Build configuration list for PBXProject "calculator" */ = {
			isa = XCConfigurationList;
			buildConfigurations = (
				4972CD471B79D60000440AC1 /* Debug */,
				4972CD481B79D60000440AC1 /* Release */,
			);
			defaultConfigurationIsVisible = 0;
			defaultConfigurationName = Release;
		};
		4972CD491B79D60000440AC1 /* Build configuration list for PBXNativeTarget "calculator" */ = {
			isa = XCConfigurationList;
			buildConfigurations = (
				4972CD4A1B79D60000440AC1 /* Debug */,
				4972CD4B1B79D60000440AC1 /* Release */,
			);
			defaultConfigurationIsVisible = 0;
			defaultConfigurationName = Release;
		};
		4972CD4C1B79D60000440AC1 /* Build configuration list for PBXNativeTarget "calculatorTests" */ = {
			isa = XCConfigurationList;
			buildConfigurations = (
				4972CD4D1B79D60000440AC1 /* Debug */,
				4972CD4E1B79D60000440AC1 /* Release */,
			);
			defaultConfigurationIsVisible = 0;
			defaultConfigurationName = Release;
		};
/* End XCConfigurationList section */
	};
	rootObject = 4972CD1E1B79D60000440AC1 /* Project object */;
}
